
Microsoft Visual Studio Solution File, Format Version 12.00
# Visual Studio Version 16
VisualStudioVersion = 16.0.31424.327
MinimumVisualStudioVersion = 10.0.40219.1
Project("{9A19103F-16F7-4668-BE54-9A1E7A4F7556}") = "Alertas", "Alertas\Alertas.csproj", "{D9E1607C-135B-4553-8E78-122218D2134D}"
EndProject
Global
	GlobalSection(SolutionConfigurationPlatforms) = preSolution
		Debug|Any CPU = Debug|Any CPU
		Release|Any CPU = Release|Any CPU
	EndGlobalSection
	GlobalSection(ProjectConfigurationPlatforms) = postSolution
		{D9E1607C-135B-4553-8E78-122218D2134D}.Debug|Any CPU.ActiveCfg = Debug|Any CPU
		{D9E1607C-135B-4553-8E78-122218D2134D}.Debug|Any CPU.Build.0 = Debug|Any CPU
		{D9E1607C-135B-4553-8E78-122218D2134D}.Release|Any CPU.ActiveCfg = Release|Any CPU
		{D9E1607C-135B-4553-8E78-122218D2134D}.Release|Any CPU.Build.0 = Release|Any CPU
	EndGlobalSection
	GlobalSection(SolutionProperties) = preSolution
		HideSolutionNode = FALSE
	EndGlobalSection
	GlobalSection(ExtensibilityGlobals) = postSolution
		SolutionGuid = {980F363B-60D6-4BF2-BED2-7DE247A5A524}
	EndGlobalSection
EndGlobal
